
Microsoft Visual Studio Solution File, Format Version 12.00
# Visual Studio Version 17
VisualStudioVersion = 17.0.31808.319
MinimumVisualStudioVersion = 10.0.40219.1
Project("{9A19103F-16F7-4668-BE54-9A1E7A4F7556}") = "SignalrMQ.Broker", "SignalrMQ.Broker\SignalrMQ.Broker.csproj", "{A5BAA0E4-CB17-4220-844F-1FFD7CBA478F}"
EndProject
Project("{2150E333-8FDC-42A3-9474-1A3956D46DE8}") = "SolutionItems", "SolutionItems", "{87CDBAC6-C874-40A0-A981-D5313488E58A}"
	ProjectSection(SolutionItems) = preProject
		azure-pipelines.yml = azure-pipelines.yml
		nugetsTest.yml = nugetsTest.yml
		README.md = README.md
		SignalrMQ-Broker.yml = SignalrMQ-Broker.yml
	EndProjectSection
EndProject
Project("{9A19103F-16F7-4668-BE54-9A1E7A4F7556}") = "SignalrMQ.BlazorBroker", "SignalrMQ.BlazorBroker\SignalrMQ.BlazorBroker.csproj", "{1F8D17D3-4C15-4A9D-9293-BAD85BA6DD9F}"
EndProject
Project("{9A19103F-16F7-4668-BE54-9A1E7A4F7556}") = "SignalrMQ.Client", "SignalrMQ.Client\SignalrMQ.Client.csproj", "{5443BE38-8B5E-4F71-B196-EAB0ACD36734}"
EndProject
Project("{9A19103F-16F7-4668-BE54-9A1E7A4F7556}") = "SignalrMQ.WorkerServiceClient", "SignalrMQ.WorkerServiceClient\SignalrMQ.WorkerServiceClient.csproj", "{AF6FD4F1-BA05-4AE1-BC85-560F8F5D31FC}"
EndProject
Project("{9A19103F-16F7-4668-BE54-9A1E7A4F7556}") = "SignalrMQ.WorkerServiceClientRcv", "SignalrMQ.WorkerServiceClientRcv\SignalrMQ.WorkerServiceClientRcv.csproj", "{4F60F661-6E68-4677-A693-A45E88E90A32}"
EndProject
Project("{9A19103F-16F7-4668-BE54-9A1E7A4F7556}") = "SignalrMQ.Core", "SignalrMQ.Core\SignalrMQ.Core.csproj", "{B1D2C896-7FF1-49AF-ACD5-6934B3F8E24B}"
EndProject
Project("{2150E333-8FDC-42A3-9474-1A3956D46DE8}") = "Testprojects", "Testprojects", "{B3455A7A-7118-45B1-884E-2A4A77CDFD16}"
EndProject
Project("{2150E333-8FDC-42A3-9474-1A3956D46DE8}") = "Core", "Core", "{69DD9863-32BA-46E5-B5E4-6B7F0D988AD9}"
EndProject
Project("{9A19103F-16F7-4668-BE54-9A1E7A4F7556}") = "SignalrMQ.WorkerServiceNugetClient", "SignalrMQ.WorkerServiceNugetClient\SignalrMQ.WorkerServiceNugetClient.csproj", "{057CF0CC-04C6-4AA5-9049-8BEB36173A3F}"
EndProject
Global
	GlobalSection(SolutionConfigurationPlatforms) = preSolution
		Debug|Any CPU = Debug|Any CPU
		Release|Any CPU = Release|Any CPU
	EndGlobalSection
	GlobalSection(ProjectConfigurationPlatforms) = postSolution
		{A5BAA0E4-CB17-4220-844F-1FFD7CBA478F}.Debug|Any CPU.ActiveCfg = Debug|Any CPU
		{A5BAA0E4-CB17-4220-844F-1FFD7CBA478F}.Debug|Any CPU.Build.0 = Debug|Any CPU
		{A5BAA0E4-CB17-4220-844F-1FFD7CBA478F}.Release|Any CPU.ActiveCfg = Release|Any CPU
		{A5BAA0E4-CB17-4220-844F-1FFD7CBA478F}.Release|Any CPU.Build.0 = Release|Any CPU
		{1F8D17D3-4C15-4A9D-9293-BAD85BA6DD9F}.Debug|Any CPU.ActiveCfg = Debug|Any CPU
		{1F8D17D3-4C15-4A9D-9293-BAD85BA6DD9F}.Debug|Any CPU.Build.0 = Debug|Any CPU
		{1F8D17D3-4C15-4A9D-9293-BAD85BA6DD9F}.Release|Any CPU.ActiveCfg = Release|Any CPU
		{1F8D17D3-4C15-4A9D-9293-BAD85BA6DD9F}.Release|Any CPU.Build.0 = Release|Any CPU
		{5443BE38-8B5E-4F71-B196-EAB0ACD36734}.Debug|Any CPU.ActiveCfg = Debug|Any CPU
		{5443BE38-8B5E-4F71-B196-EAB0ACD36734}.Debug|Any CPU.Build.0 = Debug|Any CPU
		{5443BE38-8B5E-4F71-B196-EAB0ACD36734}.Release|Any CPU.ActiveCfg = Release|Any CPU
		{5443BE38-8B5E-4F71-B196-EAB0ACD36734}.Release|Any CPU.Build.0 = Release|Any CPU
		{AF6FD4F1-BA05-4AE1-BC85-560F8F5D31FC}.Debug|Any CPU.ActiveCfg = Debug|Any CPU
		{AF6FD4F1-BA05-4AE1-BC85-560F8F5D31FC}.Debug|Any CPU.Build.0 = Debug|Any CPU
		{AF6FD4F1-BA05-4AE1-BC85-560F8F5D31FC}.Release|Any CPU.ActiveCfg = Release|Any CPU
		{AF6FD4F1-BA05-4AE1-BC85-560F8F5D31FC}.Release|Any CPU.Build.0 = Release|Any CPU
		{4F60F661-6E68-4677-A693-A45E88E90A32}.Debug|Any CPU.ActiveCfg = Debug|Any CPU
		{4F60F661-6E68-4677-A693-A45E88E90A32}.Debug|Any CPU.Build.0 = Debug|Any CPU
		{4F60F661-6E68-4677-A693-A45E88E90A32}.Release|Any CPU.ActiveCfg = Release|Any CPU
		{4F60F661-6E68-4677-A693-A45E88E90A32}.Release|Any CPU.Build.0 = Release|Any CPU
		{B1D2C896-7FF1-49AF-ACD5-6934B3F8E24B}.Debug|Any CPU.ActiveCfg = Debug|Any CPU
		{B1D2C896-7FF1-49AF-ACD5-6934B3F8E24B}.Debug|Any CPU.Build.0 = Debug|Any CPU
		{B1D2C896-7FF1-49AF-ACD5-6934B3F8E24B}.Release|Any CPU.ActiveCfg = Release|Any CPU
		{B1D2C896-7FF1-49AF-ACD5-6934B3F8E24B}.Release|Any CPU.Build.0 = Release|Any CPU
		{057CF0CC-04C6-4AA5-9049-8BEB36173A3F}.Debug|Any CPU.ActiveCfg = Debug|Any CPU
		{057CF0CC-04C6-4AA5-9049-8BEB36173A3F}.Debug|Any CPU.Build.0 = Debug|Any CPU
		{057CF0CC-04C6-4AA5-9049-8BEB36173A3F}.Release|Any CPU.ActiveCfg = Release|Any CPU
		{057CF0CC-04C6-4AA5-9049-8BEB36173A3F}.Release|Any CPU.Build.0 = Release|Any CPU
	EndGlobalSection
	GlobalSection(SolutionProperties) = preSolution
		HideSolutionNode = FALSE
	EndGlobalSection
	GlobalSection(NestedProjects) = preSolution
		{A5BAA0E4-CB17-4220-844F-1FFD7CBA478F} = {69DD9863-32BA-46E5-B5E4-6B7F0D988AD9}
		{1F8D17D3-4C15-4A9D-9293-BAD85BA6DD9F} = {B3455A7A-7118-45B1-884E-2A4A77CDFD16}
		{5443BE38-8B5E-4F71-B196-EAB0ACD36734} = {69DD9863-32BA-46E5-B5E4-6B7F0D988AD9}
		{AF6FD4F1-BA05-4AE1-BC85-560F8F5D31FC} = {B3455A7A-7118-45B1-884E-2A4A77CDFD16}
		{4F60F661-6E68-4677-A693-A45E88E90A32} = {B3455A7A-7118-45B1-884E-2A4A77CDFD16}
		{B1D2C896-7FF1-49AF-ACD5-6934B3F8E24B} = {69DD9863-32BA-46E5-B5E4-6B7F0D988AD9}
		{057CF0CC-04C6-4AA5-9049-8BEB36173A3F} = {B3455A7A-7118-45B1-884E-2A4A77CDFD16}
	EndGlobalSection
	GlobalSection(ExtensibilityGlobals) = postSolution
		SolutionGuid = {5A5245B5-23A1-4017-9CFA-D9E343350443}
	EndGlobalSection
EndGlobal
