
Microsoft Visual Studio Solution File, Format Version 12.00
# Visual Studio Version 17
VisualStudioVersion = 17.0.31808.319
MinimumVisualStudioVersion = 10.0.40219.1
Project("{FAE04EC0-301F-11D3-BF4B-00C04F79EFBC}") = "SignalrMQ.Broker", "SignalrMQ.Broker\SignalrMQ.Broker.csproj", "{A5BAA0E4-CB17-4220-844F-1FFD7CBA478F}"
EndProject
Project("{2150E333-8FDC-42A3-9474-1A3956D46DE8}") = "SolutionItems", "SolutionItems", "{87CDBAC6-C874-40A0-A981-D5313488E58A}"
	ProjectSection(SolutionItems) = preProject
		README.md = README.md
	EndProjectSection
EndProject
Project("{FAE04EC0-301F-11D3-BF4B-00C04F79EFBC}") = "SignalrMQ.BlazorBroker", "SignalrMQ.BlazorBroker\SignalrMQ.BlazorBroker.csproj", "{1F8D17D3-4C15-4A9D-9293-BAD85BA6DD9F}"
EndProject
Global
	GlobalSection(SolutionConfigurationPlatforms) = preSolution
		Debug|Any CPU = Debug|Any CPU
		Release|Any CPU = Release|Any CPU
	EndGlobalSection
	GlobalSection(ProjectConfigurationPlatforms) = postSolution
		{A5BAA0E4-CB17-4220-844F-1FFD7CBA478F}.Debug|Any CPU.ActiveCfg = Debug|Any CPU
		{A5BAA0E4-CB17-4220-844F-1FFD7CBA478F}.Debug|Any CPU.Build.0 = Debug|Any CPU
		{A5BAA0E4-CB17-4220-844F-1FFD7CBA478F}.Release|Any CPU.ActiveCfg = Release|Any CPU
		{A5BAA0E4-CB17-4220-844F-1FFD7CBA478F}.Release|Any CPU.Build.0 = Release|Any CPU
		{1F8D17D3-4C15-4A9D-9293-BAD85BA6DD9F}.Debug|Any CPU.ActiveCfg = Debug|Any CPU
		{1F8D17D3-4C15-4A9D-9293-BAD85BA6DD9F}.Debug|Any CPU.Build.0 = Debug|Any CPU
		{1F8D17D3-4C15-4A9D-9293-BAD85BA6DD9F}.Release|Any CPU.ActiveCfg = Release|Any CPU
		{1F8D17D3-4C15-4A9D-9293-BAD85BA6DD9F}.Release|Any CPU.Build.0 = Release|Any CPU
	EndGlobalSection
	GlobalSection(SolutionProperties) = preSolution
		HideSolutionNode = FALSE
	EndGlobalSection
	GlobalSection(ExtensibilityGlobals) = postSolution
		SolutionGuid = {5A5245B5-23A1-4017-9CFA-D9E343350443}
	EndGlobalSection
EndGlobal
